// !$*UTF8*$!
{
	archiveVersion = 1;
	classes = {
	};
	objectVersion = 55;
	objects = {

/* Begin PBXBuildFile section */
		980D767F2920ED3000590F60 /* AppDelegate.swift in Sources */ = {isa = PBXBuildFile; fileRef = 980D767E2920ED3000590F60 /* AppDelegate.swift */; };
		980D76812920ED3000590F60 /* SceneDelegate.swift in Sources */ = {isa = PBXBuildFile; fileRef = 980D76802920ED3000590F60 /* SceneDelegate.swift */; };
		980D76832920ED3000590F60 /* ViewController.swift in Sources */ = {isa = PBXBuildFile; fileRef = 980D76822920ED3000590F60 /* ViewController.swift */; };
		980D76862920ED3000590F60 /* Main.storyboard in Resources */ = {isa = PBXBuildFile; fileRef = 980D76842920ED3000590F60 /* Main.storyboard */; };
		980D76882920ED3100590F60 /* Assets.xcassets in Resources */ = {isa = PBXBuildFile; fileRef = 980D76872920ED3100590F60 /* Assets.xcassets */; };
		980D768B2920ED3100590F60 /* LaunchScreen.storyboard in Resources */ = {isa = PBXBuildFile; fileRef = 980D76892920ED3100590F60 /* LaunchScreen.storyboard */; };
		980D76952920F36A00590F60 /* Poppins-Medium.ttf in Resources */ = {isa = PBXBuildFile; fileRef = 980D76932920F0FF00590F60 /* Poppins-Medium.ttf */; };
		980D76962920F36A00590F60 /* Poppins-Regular.ttf in Resources */ = {isa = PBXBuildFile; fileRef = 980D76942920F10000590F60 /* Poppins-Regular.ttf */; };
		980D76992920F73800590F60 /* CircleUIButton.swift in Sources */ = {isa = PBXBuildFile; fileRef = 980D76982920F73800590F60 /* CircleUIButton.swift */; };
		98215106292134BF00ED950A /* TodoTableViewCell.swift in Sources */ = {isa = PBXBuildFile; fileRef = 98215105292134BF00ED950A /* TodoTableViewCell.swift */; };
		98215123292F7FDC00ED950A /* Todo.swift in Sources */ = {isa = PBXBuildFile; fileRef = 98215122292F7FDC00ED950A /* Todo.swift */; };
		9872812B2921125E00DAE7EE /* CustomUIView.swift in Sources */ = {isa = PBXBuildFile; fileRef = 9872812A2921125E00DAE7EE /* CustomUIView.swift */; };
		9872812D2921156B00DAE7EE /* TaskDetailUIViewController.swift in Sources */ = {isa = PBXBuildFile; fileRef = 9872812C2921156B00DAE7EE /* TaskDetailUIViewController.swift */; };
		BB2561D5BA8386D64B33AAAD /* Pods_Todo_List.framework in Frameworks */ = {isa = PBXBuildFile; fileRef = CBCDCF759E7C63A423FAE7A5 /* Pods_Todo_List.framework */; };
/* End PBXBuildFile section */

/* Begin PBXFileReference section */
		980D767B2920ED3000590F60 /* Todo List.app */ = {isa = PBXFileReference; explicitFileType = wrapper.application; includeInIndex = 0; path = "Todo List.app"; sourceTree = BUILT_PRODUCTS_DIR; };
		980D767E2920ED3000590F60 /* AppDelegate.swift */ = {isa = PBXFileReference; lastKnownFileType = sourcecode.swift; path = AppDelegate.swift; sourceTree = "<group>"; };
		980D76802920ED3000590F60 /* SceneDelegate.swift */ = {isa = PBXFileReference; lastKnownFileType = sourcecode.swift; path = SceneDelegate.swift; sourceTree = "<group>"; };
		980D76822920ED3000590F60 /* ViewController.swift */ = {isa = PBXFileReference; lastKnownFileType = sourcecode.swift; path = ViewController.swift; sourceTree = "<group>"; };
		980D76852920ED3000590F60 /* Base */ = {isa = PBXFileReference; lastKnownFileType = file.storyboard; name = Base; path = Base.lproj/Main.storyboard; sourceTree = "<group>"; };
		980D76872920ED3100590F60 /* Assets.xcassets */ = {isa = PBXFileReference; lastKnownFileType = folder.assetcatalog; path = Assets.xcassets; sourceTree = "<group>"; };
		980D768A2920ED3100590F60 /* Base */ = {isa = PBXFileReference; lastKnownFileType = file.storyboard; name = Base; path = Base.lproj/LaunchScreen.storyboard; sourceTree = "<group>"; };
		980D768C2920ED3100590F60 /* Info.plist */ = {isa = PBXFileReference; lastKnownFileType = text.plist.xml; path = Info.plist; sourceTree = "<group>"; };
		980D76932920F0FF00590F60 /* Poppins-Medium.ttf */ = {isa = PBXFileReference; lastKnownFileType = file; path = "Poppins-Medium.ttf"; sourceTree = "<group>"; };
		980D76942920F10000590F60 /* Poppins-Regular.ttf */ = {isa = PBXFileReference; lastKnownFileType = file; path = "Poppins-Regular.ttf"; sourceTree = "<group>"; };
		980D76982920F73800590F60 /* CircleUIButton.swift */ = {isa = PBXFileReference; lastKnownFileType = sourcecode.swift; path = CircleUIButton.swift; sourceTree = "<group>"; };
		98215105292134BF00ED950A /* TodoTableViewCell.swift */ = {isa = PBXFileReference; lastKnownFileType = sourcecode.swift; path = TodoTableViewCell.swift; sourceTree = "<group>"; };
		98215122292F7FDC00ED950A /* Todo.swift */ = {isa = PBXFileReference; lastKnownFileType = sourcecode.swift; path = Todo.swift; sourceTree = "<group>"; };
		9872812A2921125E00DAE7EE /* CustomUIView.swift */ = {isa = PBXFileReference; lastKnownFileType = sourcecode.swift; path = CustomUIView.swift; sourceTree = "<group>"; };
		9872812C2921156B00DAE7EE /* TaskDetailUIViewController.swift */ = {isa = PBXFileReference; lastKnownFileType = sourcecode.swift; path = TaskDetailUIViewController.swift; sourceTree = "<group>"; };
		9AE176CFA19E768E86A60046 /* Pods-Todo List.release.xcconfig */ = {isa = PBXFileReference; includeInIndex = 1; lastKnownFileType = text.xcconfig; name = "Pods-Todo List.release.xcconfig"; path = "Target Support Files/Pods-Todo List/Pods-Todo List.release.xcconfig"; sourceTree = "<group>"; };
		CBCDCF759E7C63A423FAE7A5 /* Pods_Todo_List.framework */ = {isa = PBXFileReference; explicitFileType = wrapper.framework; includeInIndex = 0; path = Pods_Todo_List.framework; sourceTree = BUILT_PRODUCTS_DIR; };
		F9A81F21E6167EDA3126798E /* Pods-Todo List.debug.xcconfig */ = {isa = PBXFileReference; includeInIndex = 1; lastKnownFileType = text.xcconfig; name = "Pods-Todo List.debug.xcconfig"; path = "Target Support Files/Pods-Todo List/Pods-Todo List.debug.xcconfig"; sourceTree = "<group>"; };
/* End PBXFileReference section */

/* Begin PBXFrameworksBuildPhase section */
		980D76782920ED3000590F60 /* Frameworks */ = {
			isa = PBXFrameworksBuildPhase;
			buildActionMask = 2147483647;
			files = (
				BB2561D5BA8386D64B33AAAD /* Pods_Todo_List.framework in Frameworks */,
			);
			runOnlyForDeploymentPostprocessing = 0;
		};
/* End PBXFrameworksBuildPhase section */

/* Begin PBXGroup section */
		80EDBA43BBB6119818B6A609 /* Pods */ = {
			isa = PBXGroup;
			children = (
				F9A81F21E6167EDA3126798E /* Pods-Todo List.debug.xcconfig */,
				9AE176CFA19E768E86A60046 /* Pods-Todo List.release.xcconfig */,
			);
			path = Pods;
			sourceTree = "<group>";
		};
		980D76722920ED3000590F60 = {
			isa = PBXGroup;
			children = (
				980D767D2920ED3000590F60 /* Todo List */,
				980D767C2920ED3000590F60 /* Products */,
				80EDBA43BBB6119818B6A609 /* Pods */,
				B3DD6F61B93BEB5DA6BBC041 /* Frameworks */,
			);
			sourceTree = "<group>";
		};
		980D767C2920ED3000590F60 /* Products */ = {
			isa = PBXGroup;
			children = (
				980D767B2920ED3000590F60 /* Todo List.app */,
			);
			name = Products;
			sourceTree = "<group>";
		};
		980D767D2920ED3000590F60 /* Todo List */ = {
			isa = PBXGroup;
			children = (
				98215121292F762F00ED950A /* models */,
				980D76972920F72000590F60 /* designables */,
				980D76922920F0F400590F60 /* fonts */,
				980D767E2920ED3000590F60 /* AppDelegate.swift */,
				980D76802920ED3000590F60 /* SceneDelegate.swift */,
				980D76822920ED3000590F60 /* ViewController.swift */,
				980D76842920ED3000590F60 /* Main.storyboard */,
				980D76872920ED3100590F60 /* Assets.xcassets */,
				980D76892920ED3100590F60 /* LaunchScreen.storyboard */,
				980D768C2920ED3100590F60 /* Info.plist */,
				9872812C2921156B00DAE7EE /* TaskDetailUIViewController.swift */,
				98215105292134BF00ED950A /* TodoTableViewCell.swift */,
			);
			path = "Todo List";
			sourceTree = "<group>";
		};
		980D76922920F0F400590F60 /* fonts */ = {
			isa = PBXGroup;
			children = (
				980D76932920F0FF00590F60 /* Poppins-Medium.ttf */,
				980D76942920F10000590F60 /* Poppins-Regular.ttf */,
			);
			path = fonts;
			sourceTree = "<group>";
		};
		980D76972920F72000590F60 /* designables */ = {
			isa = PBXGroup;
			children = (
				980D76982920F73800590F60 /* CircleUIButton.swift */,
				9872812A2921125E00DAE7EE /* CustomUIView.swift */,
			);
			path = designables;
			sourceTree = "<group>";
		};
		98215121292F762F00ED950A /* models */ = {
			isa = PBXGroup;
			children = (
				98215122292F7FDC00ED950A /* Todo.swift */,
			);
			path = models;
			sourceTree = "<group>";
		};
		B3DD6F61B93BEB5DA6BBC041 /* Frameworks */ = {
			isa = PBXGroup;
			children = (
				CBCDCF759E7C63A423FAE7A5 /* Pods_Todo_List.framework */,
			);
			name = Frameworks;
			sourceTree = "<group>";
		};
/* End PBXGroup section */

/* Begin PBXNativeTarget section */
		980D767A2920ED3000590F60 /* Todo List */ = {
			isa = PBXNativeTarget;
			buildConfigurationList = 980D768F2920ED3100590F60 /* Build configuration list for PBXNativeTarget "Todo List" */;
			buildPhases = (
				1E08B25D248D3EE1BD499B9B /* [CP] Check Pods Manifest.lock */,
				980D76772920ED3000590F60 /* Sources */,
				980D76782920ED3000590F60 /* Frameworks */,
				980D76792920ED3000590F60 /* Resources */,
				6B7378E8FFAF7ECCCE669523 /* [CP] Embed Pods Frameworks */,
			);
			buildRules = (
			);
			dependencies = (
			);
			name = "Todo List";
			productName = "Todo List";
			productReference = 980D767B2920ED3000590F60 /* Todo List.app */;
			productType = "com.apple.product-type.application";
		};
/* End PBXNativeTarget section */

/* Begin PBXProject section */
		980D76732920ED3000590F60 /* Project object */ = {
			isa = PBXProject;
			attributes = {
				BuildIndependentTargetsInParallel = 1;
				LastSwiftUpdateCheck = 1400;
				LastUpgradeCheck = 1400;
				TargetAttributes = {
					980D767A2920ED3000590F60 = {
						CreatedOnToolsVersion = 14.0;
					};
				};
			};
			buildConfigurationList = 980D76762920ED3000590F60 /* Build configuration list for PBXProject "Todo List" */;
			compatibilityVersion = "Xcode 13.0";
			developmentRegion = en;
			hasScannedForEncodings = 0;
			knownRegions = (
				en,
				Base,
			);
			mainGroup = 980D76722920ED3000590F60;
			productRefGroup = 980D767C2920ED3000590F60 /* Products */;
			projectDirPath = "";
			projectRoot = "";
			targets = (
				980D767A2920ED3000590F60 /* Todo List */,
			);
		};
/* End PBXProject section */

/* Begin PBXResourcesBuildPhase section */
		980D76792920ED3000590F60 /* Resources */ = {
			isa = PBXResourcesBuildPhase;
			buildActionMask = 2147483647;
			files = (
				980D768B2920ED3100590F60 /* LaunchScreen.storyboard in Resources */,
				980D76952920F36A00590F60 /* Poppins-Medium.ttf in Resources */,
				980D76882920ED3100590F60 /* Assets.xcassets in Resources */,
				980D76862920ED3000590F60 /* Main.storyboard in Resources */,
				980D76962920F36A00590F60 /* Poppins-Regular.ttf in Resources */,
			);
			runOnlyForDeploymentPostprocessing = 0;
		};
/* End PBXResourcesBuildPhase section */

/* Begin PBXShellScriptBuildPhase section */
		1E08B25D248D3EE1BD499B9B /* [CP] Check Pods Manifest.lock */ = {
			isa = PBXShellScriptBuildPhase;
			buildActionMask = 2147483647;
			files = (
			);
			inputFileListPaths = (
			);
			inputPaths = (
				"${PODS_PODFILE_DIR_PATH}/Podfile.lock",
				"${PODS_ROOT}/Manifest.lock",
			);
			name = "[CP] Check Pods Manifest.lock";
			outputFileListPaths = (
			);
			outputPaths = (
				"$(DERIVED_FILE_DIR)/Pods-Todo List-checkManifestLockResult.txt",
			);
			runOnlyForDeploymentPostprocessing = 0;
			shellPath = /bin/sh;
			shellScript = "diff \"${PODS_PODFILE_DIR_PATH}/Podfile.lock\" \"${PODS_ROOT}/Manifest.lock\" > /dev/null\nif [ $? != 0 ] ; then\n    # print error to STDERR\n    echo \"error: The sandbox is not in sync with the Podfile.lock. Run 'pod install' or update your CocoaPods installation.\" >&2\n    exit 1\nfi\n# This output is used by Xcode 'outputs' to avoid re-running this script phase.\necho \"SUCCESS\" > \"${SCRIPT_OUTPUT_FILE_0}\"\n";
			showEnvVarsInLog = 0;
		};
		6B7378E8FFAF7ECCCE669523 /* [CP] Embed Pods Frameworks */ = {
			isa = PBXShellScriptBuildPhase;
			buildActionMask = 2147483647;
			files = (
			);
			inputFileListPaths = (
				"${PODS_ROOT}/Target Support Files/Pods-Todo List/Pods-Todo List-frameworks-${CONFIGURATION}-input-files.xcfilelist",
			);
			name = "[CP] Embed Pods Frameworks";
			outputFileListPaths = (
				"${PODS_ROOT}/Target Support Files/Pods-Todo List/Pods-Todo List-frameworks-${CONFIGURATION}-output-files.xcfilelist",
			);
			runOnlyForDeploymentPostprocessing = 0;
			shellPath = /bin/sh;
			shellScript = "\"${PODS_ROOT}/Target Support Files/Pods-Todo List/Pods-Todo List-frameworks.sh\"\n";
			showEnvVarsInLog = 0;
		};
/* End PBXShellScriptBuildPhase section */

/* Begin PBXSourcesBuildPhase section */
		980D76772920ED3000590F60 /* Sources */ = {
			isa = PBXSourcesBuildPhase;
			buildActionMask = 2147483647;
			files = (
				98215106292134BF00ED950A /* TodoTableViewCell.swift in Sources */,
				9872812D2921156B00DAE7EE /* TaskDetailUIViewController.swift in Sources */,
				980D76832920ED3000590F60 /* ViewController.swift in Sources */,
				98215123292F7FDC00ED950A /* Todo.swift in Sources */,
				9872812B2921125E00DAE7EE /* CustomUIView.swift in Sources */,
				980D767F2920ED3000590F60 /* AppDelegate.swift in Sources */,
				980D76812920ED3000590F60 /* SceneDelegate.swift in Sources */,
				980D76992920F73800590F60 /* CircleUIButton.swift in Sources */,
			);
			runOnlyForDeploymentPostprocessing = 0;
		};
/* End PBXSourcesBuildPhase section */

/* Begin PBXVariantGroup section */
		980D76842920ED3000590F60 /* Main.storyboard */ = {
			isa = PBXVariantGroup;
			children = (
				980D76852920ED3000590F60 /* Base */,
			);
			name = Main.storyboard;
			sourceTree = "<group>";
		};
		980D76892920ED3100590F60 /* LaunchScreen.storyboard */ = {
			isa = PBXVariantGroup;
			children = (
				980D768A2920ED3100590F60 /* Base */,
			);
			name = LaunchScreen.storyboard;
			sourceTree = "<group>";
		};
/* End PBXVariantGroup section */

/* Begin XCBuildConfiguration section */
		980D768D2920ED3100590F60 /* Debug */ = {
			isa = XCBuildConfiguration;
			buildSettings = {
				ALWAYS_SEARCH_USER_PATHS = NO;
				CLANG_ANALYZER_NONNULL = YES;
				CLANG_ANALYZER_NUMBER_OBJECT_CONVERSION = YES_AGGRESSIVE;
				CLANG_CXX_LANGUAGE_STANDARD = "gnu++20";
				CLANG_ENABLE_MODULES = YES;
				CLANG_ENABLE_OBJC_ARC = YES;
				CLANG_ENABLE_OBJC_WEAK = YES;
				CLANG_WARN_BLOCK_CAPTURE_AUTORELEASING = YES;
				CLANG_WARN_BOOL_CONVERSION = YES;
				CLANG_WARN_COMMA = YES;
				CLANG_WARN_CONSTANT_CONVERSION = YES;
				CLANG_WARN_DEPRECATED_OBJC_IMPLEMENTATIONS = YES;
				CLANG_WARN_DIRECT_OBJC_ISA_USAGE = YES_ERROR;
				CLANG_WARN_DOCUMENTATION_COMMENTS = YES;
				CLANG_WARN_EMPTY_BODY = YES;
				CLANG_WARN_ENUM_CONVERSION = YES;
				CLANG_WARN_INFINITE_RECURSION = YES;
				CLANG_WARN_INT_CONVERSION = YES;
				CLANG_WARN_NON_LITERAL_NULL_CONVERSION = YES;
				CLANG_WARN_OBJC_IMPLICIT_RETAIN_SELF = YES;
				CLANG_WARN_OBJC_LITERAL_CONVERSION = YES;
				CLANG_WARN_OBJC_ROOT_CLASS = YES_ERROR;
				CLANG_WARN_QUOTED_INCLUDE_IN_FRAMEWORK_HEADER = YES;
				CLANG_WARN_RANGE_LOOP_ANALYSIS = YES;
				CLANG_WARN_STRICT_PROTOTYPES = YES;
				CLANG_WARN_SUSPICIOUS_MOVE = YES;
				CLANG_WARN_UNGUARDED_AVAILABILITY = YES_AGGRESSIVE;
				CLANG_WARN_UNREACHABLE_CODE = YES;
				CLANG_WARN__DUPLICATE_METHOD_MATCH = YES;
				COPY_PHASE_STRIP = NO;
				DEBUG_INFORMATION_FORMAT = dwarf;
				ENABLE_STRICT_OBJC_MSGSEND = YES;
				ENABLE_TESTABILITY = YES;
				GCC_C_LANGUAGE_STANDARD = gnu11;
				GCC_DYNAMIC_NO_PIC = NO;
				GCC_NO_COMMON_BLOCKS = YES;
				GCC_OPTIMIZATION_LEVEL = 0;
				GCC_PREPROCESSOR_DEFINITIONS = (
					"DEBUG=1",
					"$(inherited)",
				);
				GCC_WARN_64_TO_32_BIT_CONVERSION = YES;
				GCC_WARN_ABOUT_RETURN_TYPE = YES_ERROR;
				GCC_WARN_UNDECLARED_SELECTOR = YES;
				GCC_WARN_UNINITIALIZED_AUTOS = YES_AGGRESSIVE;
				GCC_WARN_UNUSED_FUNCTION = YES;
				GCC_WARN_UNUSED_VARIABLE = YES;
				IPHONEOS_DEPLOYMENT_TARGET = 16.0;
				MTL_ENABLE_DEBUG_INFO = INCLUDE_SOURCE;
				MTL_FAST_MATH = YES;
				ONLY_ACTIVE_ARCH = YES;
				SDKROOT = iphoneos;
				SWIFT_ACTIVE_COMPILATION_CONDITIONS = DEBUG;
				SWIFT_OPTIMIZATION_LEVEL = "-Onone";
			};
			name = Debug;
		};
		980D768E2920ED3100590F60 /* Release */ = {
			isa = XCBuildConfiguration;
			buildSettings = {
				ALWAYS_SEARCH_USER_PATHS = NO;
				CLANG_ANALYZER_NONNULL = YES;
				CLANG_ANALYZER_NUMBER_OBJECT_CONVERSION = YES_AGGRESSIVE;
				CLANG_CXX_LANGUAGE_STANDARD = "gnu++20";
				CLANG_ENABLE_MODULES = YES;
				CLANG_ENABLE_OBJC_ARC = YES;
				CLANG_ENABLE_OBJC_WEAK = YES;
				CLANG_WARN_BLOCK_CAPTURE_AUTORELEASING = YES;
				CLANG_WARN_BOOL_CONVERSION = YES;
				CLANG_WARN_COMMA = YES;
				CLANG_WARN_CONSTANT_CONVERSION = YES;
				CLANG_WARN_DEPRECATED_OBJC_IMPLEMENTATIONS = YES;
				CLANG_WARN_DIRECT_OBJC_ISA_USAGE = YES_ERROR;
				CLANG_WARN_DOCUMENTATION_COMMENTS = YES;
				CLANG_WARN_EMPTY_BODY = YES;
				CLANG_WARN_ENUM_CONVERSION = YES;
				CLANG_WARN_INFINITE_RECURSION = YES;
				CLANG_WARN_INT_CONVERSION = YES;
				CLANG_WARN_NON_LITERAL_NULL_CONVERSION = YES;
				CLANG_WARN_OBJC_IMPLICIT_RETAIN_SELF = YES;
				CLANG_WARN_OBJC_LITERAL_CONVERSION = YES;
				CLANG_WARN_OBJC_ROOT_CLASS = YES_ERROR;
				CLANG_WARN_QUOTED_INCLUDE_IN_FRAMEWORK_HEADER = YES;
				CLANG_WARN_RANGE_LOOP_ANALYSIS = YES;
				CLANG_WARN_STRICT_PROTOTYPES = YES;
				CLANG_WARN_SUSPICIOUS_MOVE = YES;
				CLANG_WARN_UNGUARDED_AVAILABILITY = YES_AGGRESSIVE;
				CLANG_WARN_UNREACHABLE_CODE = YES;
				CLANG_WARN__DUPLICATE_METHOD_MATCH = YES;
				COPY_PHASE_STRIP = NO;
				DEBUG_INFORMATION_FORMAT = "dwarf-with-dsym";
				ENABLE_NS_ASSERTIONS = NO;
				ENABLE_STRICT_OBJC_MSGSEND = YES;
				GCC_C_LANGUAGE_STANDARD = gnu11;
				GCC_NO_COMMON_BLOCKS = YES;
				GCC_WARN_64_TO_32_BIT_CONVERSION = YES;
				GCC_WARN_ABOUT_RETURN_TYPE = YES_ERROR;
				GCC_WARN_UNDECLARED_SELECTOR = YES;
				GCC_WARN_UNINITIALIZED_AUTOS = YES_AGGRESSIVE;
				GCC_WARN_UNUSED_FUNCTION = YES;
				GCC_WARN_UNUSED_VARIABLE = YES;
				IPHONEOS_DEPLOYMENT_TARGET = 16.0;
				MTL_ENABLE_DEBUG_INFO = NO;
				MTL_FAST_MATH = YES;
				SDKROOT = iphoneos;
				SWIFT_COMPILATION_MODE = wholemodule;
				SWIFT_OPTIMIZATION_LEVEL = "-O";
				VALIDATE_PRODUCT = YES;
			};
			name = Release;
		};
		980D76902920ED3100590F60 /* Debug */ = {
			isa = XCBuildConfiguration;
			baseConfigurationReference = F9A81F21E6167EDA3126798E /* Pods-Todo List.debug.xcconfig */;
			buildSettings = {
				ASSETCATALOG_COMPILER_APPICON_NAME = AppIcon;
				ASSETCATALOG_COMPILER_GLOBAL_ACCENT_COLOR_NAME = AccentColor;
				CODE_SIGN_STYLE = Automatic;
				CURRENT_PROJECT_VERSION = 1;
				GENERATE_INFOPLIST_FILE = YES;
				INFOPLIST_FILE = "Todo List/Info.plist";
				INFOPLIST_KEY_UIApplicationSupportsIndirectInputEvents = YES;
				INFOPLIST_KEY_UILaunchStoryboardName = LaunchScreen;
				INFOPLIST_KEY_UIMainStoryboardFile = Main;
				INFOPLIST_KEY_UISupportedInterfaceOrientations_iPad = "UIInterfaceOrientationPortrait UIInterfaceOrientationPortraitUpsideDown UIInterfaceOrientationLandscapeLeft UIInterfaceOrientationLandscapeRight";
				INFOPLIST_KEY_UISupportedInterfaceOrientations_iPhone = "UIInterfaceOrientationPortrait UIInterfaceOrientationLandscapeLeft UIInterfaceOrientationLandscapeRight";
				LD_RUNPATH_SEARCH_PATHS = (
					"$(inherited)",
					"@executable_path/Frameworks",
				);
				MARKETING_VERSION = 1.0;
				PRODUCT_BUNDLE_IDENTIFIER = "ca.centenial.todo-list.Todo-List";
				PRODUCT_NAME = "$(TARGET_NAME)";
				SWIFT_EMIT_LOC_STRINGS = YES;
				SWIFT_VERSION = 5.0;
				TARGETED_DEVICE_FAMILY = "1,2";
			};
			name = Debug;
		};
		980D76912920ED3100590F60 /* Release */ = {
			isa = XCBuildConfiguration;
			baseConfigurationReference = 9AE176CFA19E768E86A60046 /* Pods-Todo List.release.xcconfig */;
			buildSettings = {
				ASSETCATALOG_COMPILER_APPICON_NAME = AppIcon;
				ASSETCATALOG_COMPILER_GLOBAL_ACCENT_COLOR_NAME = AccentColor;
				CODE_SIGN_STYLE = Automatic;
				CURRENT_PROJECT_VERSION = 1;
				GENERATE_INFOPLIST_FILE = YES;
				INFOPLIST_FILE = "Todo List/Info.plist";
				INFOPLIST_KEY_UIApplicationSupportsIndirectInputEvents = YES;
				INFOPLIST_KEY_UILaunchStoryboardName = LaunchScreen;
				INFOPLIST_KEY_UIMainStoryboardFile = Main;
				INFOPLIST_KEY_UISupportedInterfaceOrientations_iPad = "UIInterfaceOrientationPortrait UIInterfaceOrientationPortraitUpsideDown UIInterfaceOrientationLandscapeLeft UIInterfaceOrientationLandscapeRight";
				INFOPLIST_KEY_UISupportedInterfaceOrientations_iPhone = "UIInterfaceOrientationPortrait UIInterfaceOrientationLandscapeLeft UIInterfaceOrientationLandscapeRight";
				LD_RUNPATH_SEARCH_PATHS = (
					"$(inherited)",
					"@executable_path/Frameworks",
				);
				MARKETING_VERSION = 1.0;
				PRODUCT_BUNDLE_IDENTIFIER = "ca.centenial.todo-list.Todo-List";
				PRODUCT_NAME = "$(TARGET_NAME)";
				SWIFT_EMIT_LOC_STRINGS = YES;
				SWIFT_VERSION = 5.0;
				TARGETED_DEVICE_FAMILY = "1,2";
			};
			name = Release;
		};
/* End XCBuildConfiguration section */

/* Begin XCConfigurationList section */
		980D76762920ED3000590F60 /* Build configuration list for PBXProject "Todo List" */ = {
			isa = XCConfigurationList;
			buildConfigurations = (
				980D768D2920ED3100590F60 /* Debug */,
				980D768E2920ED3100590F60 /* Release */,
			);
			defaultConfigurationIsVisible = 0;
			defaultConfigurationName = Release;
		};
		980D768F2920ED3100590F60 /* Build configuration list for PBXNativeTarget "Todo List" */ = {
			isa = XCConfigurationList;
			buildConfigurations = (
				980D76902920ED3100590F60 /* Debug */,
				980D76912920ED3100590F60 /* Release */,
			);
			defaultConfigurationIsVisible = 0;
			defaultConfigurationName = Release;
		};
/* End XCConfigurationList section */
	};
	rootObject = 980D76732920ED3000590F60 /* Project object */;
}
